
Microsoft Visual Studio Solution File, Format Version 12.00
# Visual Studio Version 17
VisualStudioVersion = 17.14.36408.4 d17.14
MinimumVisualStudioVersion = 10.0.40219.1
Project("{FAE04EC0-301F-11D3-BF4B-00C04F79EFBC}") = "ToolProxy", "ToolProxy.csproj", "{E768BC2A-5CDE-4DB8-AFED-5283483C228B}"
EndProject
Global
	GlobalSection(SolutionConfigurationPlatforms) = preSolution
		Debug|Any CPU = Debug|Any CPU
		Release|Any CPU = Release|Any CPU
	EndGlobalSection
	GlobalSection(ProjectConfigurationPlatforms) = postSolution
		{E768BC2A-5CDE-4DB8-AFED-5283483C228B}.Debug|Any CPU.ActiveCfg = Debug|Any CPU
		{E768BC2A-5CDE-4DB8-AFED-5283483C228B}.Debug|Any CPU.Build.0 = Debug|Any CPU
		{E768BC2A-5CDE-4DB8-AFED-5283483C228B}.Release|Any CPU.ActiveCfg = Release|Any CPU
		{E768BC2A-5CDE-4DB8-AFED-5283483C228B}.Release|Any CPU.Build.0 = Release|Any CPU
	EndGlobalSection
	GlobalSection(SolutionProperties) = preSolution
		HideSolutionNode = FALSE
	EndGlobalSection
	GlobalSection(ExtensibilityGlobals) = postSolution
		SolutionGuid = {85149B02-C4CA-41ED-AD54-77B02B032583}
	EndGlobalSection
EndGlobal
